
Microsoft Visual Studio Solution File, Format Version 12.00
# Visual Studio 15
VisualStudioVersion = 15.0.28307.1000
MinimumVisualStudioVersion = 10.0.40219.1
Project("{FAE04EC0-301F-11D3-BF4B-00C04F79EFBC}") = "UPS.EmployeeManagement.Services", "UPS.EmployeeManagement.Services\UPS.EmployeeManagement.Services.csproj", "{03DC82CE-952D-4609-8B4D-6E01C2789C8A}"
EndProject
Project("{FAE04EC0-301F-11D3-BF4B-00C04F79EFBC}") = "UPS.EmployeeManagement.UI", "UPS.EmployeeManagement.UI\UPS.EmployeeManagement.UI.csproj", "{60508AD4-7CDE-48F5-8872-F0D531751745}"
EndProject
Project("{FAE04EC0-301F-11D3-BF4B-00C04F79EFBC}") = "UPS.EmployeeManagement.Tests", "UPS.EmployeeManagement.Tests\UPS.EmployeeManagement.Tests.csproj", "{977999C2-8A05-417F-9FC0-2DCD1275A97D}"
EndProject
Global
	GlobalSection(SolutionConfigurationPlatforms) = preSolution
		Debug|Any CPU = Debug|Any CPU
		Release|Any CPU = Release|Any CPU
	EndGlobalSection
	GlobalSection(ProjectConfigurationPlatforms) = postSolution
		{03DC82CE-952D-4609-8B4D-6E01C2789C8A}.Debug|Any CPU.ActiveCfg = Debug|Any CPU
		{03DC82CE-952D-4609-8B4D-6E01C2789C8A}.Debug|Any CPU.Build.0 = Debug|Any CPU
		{03DC82CE-952D-4609-8B4D-6E01C2789C8A}.Release|Any CPU.ActiveCfg = Release|Any CPU
		{03DC82CE-952D-4609-8B4D-6E01C2789C8A}.Release|Any CPU.Build.0 = Release|Any CPU
		{60508AD4-7CDE-48F5-8872-F0D531751745}.Debug|Any CPU.ActiveCfg = Debug|Any CPU
		{60508AD4-7CDE-48F5-8872-F0D531751745}.Debug|Any CPU.Build.0 = Debug|Any CPU
		{60508AD4-7CDE-48F5-8872-F0D531751745}.Release|Any CPU.ActiveCfg = Release|Any CPU
		{60508AD4-7CDE-48F5-8872-F0D531751745}.Release|Any CPU.Build.0 = Release|Any CPU
		{977999C2-8A05-417F-9FC0-2DCD1275A97D}.Debug|Any CPU.ActiveCfg = Debug|Any CPU
		{977999C2-8A05-417F-9FC0-2DCD1275A97D}.Debug|Any CPU.Build.0 = Debug|Any CPU
		{977999C2-8A05-417F-9FC0-2DCD1275A97D}.Release|Any CPU.ActiveCfg = Release|Any CPU
		{977999C2-8A05-417F-9FC0-2DCD1275A97D}.Release|Any CPU.Build.0 = Release|Any CPU
	EndGlobalSection
	GlobalSection(SolutionProperties) = preSolution
		HideSolutionNode = FALSE
	EndGlobalSection
	GlobalSection(ExtensibilityGlobals) = postSolution
		SolutionGuid = {AD9F6D10-5493-4938-86D0-F640805883C5}
	EndGlobalSection
EndGlobal
